
Microsoft Visual Studio Solution File, Format Version 12.00
# Visual Studio Version 17
VisualStudioVersion = 17.11.35222.181
MinimumVisualStudioVersion = 10.0.40219.1
Project("{FAE04EC0-301F-11D3-BF4B-00C04F79EFBC}") = "FileManagement.API", "FileManagement.API\FileManagement.API.csproj", "{82C8C74E-E0FF-487E-A729-411CF9C224B5}"
EndProject
Project("{FAE04EC0-301F-11D3-BF4B-00C04F79EFBC}") = "FileManagement.Service", "FileManagement.Service\FileManagement.Service.csproj", "{3FC4A972-9D9D-4A96-AE1C-3D90ADC37077}"
EndProject
Project("{FAE04EC0-301F-11D3-BF4B-00C04F79EFBC}") = "FileManagement.DAL", "FileManagement.DAL\FileManagement.DAL.csproj", "{43F5CC22-1D66-455D-896D-95BE87D36FA0}"
EndProject
Project("{FAE04EC0-301F-11D3-BF4B-00C04F79EFBC}") = "FileManagement.Test", "FileManagement.Test\FileManagement.Test.csproj", "{7556D803-FE74-4189-9B7B-A9A592C4E7A2}"
EndProject
Global
	GlobalSection(SolutionConfigurationPlatforms) = preSolution
		Debug|Any CPU = Debug|Any CPU
		Release|Any CPU = Release|Any CPU
	EndGlobalSection
	GlobalSection(ProjectConfigurationPlatforms) = postSolution
		{82C8C74E-E0FF-487E-A729-411CF9C224B5}.Debug|Any CPU.ActiveCfg = Debug|Any CPU
		{82C8C74E-E0FF-487E-A729-411CF9C224B5}.Debug|Any CPU.Build.0 = Debug|Any CPU
		{82C8C74E-E0FF-487E-A729-411CF9C224B5}.Release|Any CPU.ActiveCfg = Release|Any CPU
		{82C8C74E-E0FF-487E-A729-411CF9C224B5}.Release|Any CPU.Build.0 = Release|Any CPU
		{3FC4A972-9D9D-4A96-AE1C-3D90ADC37077}.Debug|Any CPU.ActiveCfg = Debug|Any CPU
		{3FC4A972-9D9D-4A96-AE1C-3D90ADC37077}.Debug|Any CPU.Build.0 = Debug|Any CPU
		{3FC4A972-9D9D-4A96-AE1C-3D90ADC37077}.Release|Any CPU.ActiveCfg = Release|Any CPU
		{3FC4A972-9D9D-4A96-AE1C-3D90ADC37077}.Release|Any CPU.Build.0 = Release|Any CPU
		{43F5CC22-1D66-455D-896D-95BE87D36FA0}.Debug|Any CPU.ActiveCfg = Debug|Any CPU
		{43F5CC22-1D66-455D-896D-95BE87D36FA0}.Debug|Any CPU.Build.0 = Debug|Any CPU
		{43F5CC22-1D66-455D-896D-95BE87D36FA0}.Release|Any CPU.ActiveCfg = Release|Any CPU
		{43F5CC22-1D66-455D-896D-95BE87D36FA0}.Release|Any CPU.Build.0 = Release|Any CPU
		{7556D803-FE74-4189-9B7B-A9A592C4E7A2}.Debug|Any CPU.ActiveCfg = Debug|Any CPU
		{7556D803-FE74-4189-9B7B-A9A592C4E7A2}.Debug|Any CPU.Build.0 = Debug|Any CPU
		{7556D803-FE74-4189-9B7B-A9A592C4E7A2}.Release|Any CPU.ActiveCfg = Release|Any CPU
		{7556D803-FE74-4189-9B7B-A9A592C4E7A2}.Release|Any CPU.Build.0 = Release|Any CPU
	EndGlobalSection
	GlobalSection(SolutionProperties) = preSolution
		HideSolutionNode = FALSE
	EndGlobalSection
	GlobalSection(ExtensibilityGlobals) = postSolution
		SolutionGuid = {66BF6C99-7908-4569-957B-B88EBABEBCB1}
	EndGlobalSection
EndGlobal
